// !$*UTF8*$!
{
	archiveVersion = 1;
	classes = {
	};
	objectVersion = 77;
	objects = {

/* Begin PBXBuildFile section */
		3F56F0532CF0611800FB6125 /* Alamofire in Frameworks */ = {isa = PBXBuildFile; productRef = 3F56F0522CF0611800FB6125 /* Alamofire */; };
		3F56F0562CF0619E00FB6125 /* Kingfisher in Frameworks */ = {isa = PBXBuildFile; productRef = 3F56F0552CF0619E00FB6125 /* Kingfisher */; };
/* End PBXBuildFile section */

/* Begin PBXContainerItemProxy section */
		3F56F0342CF060CE00FB6125 /* PBXContainerItemProxy */ = {
			isa = PBXContainerItemProxy;
			containerPortal = 3F56F0152CF060CD00FB6125 /* Project object */;
			proxyType = 1;
			remoteGlobalIDString = 3F56F01C2CF060CD00FB6125;
			remoteInfo = FindAirline;
		};
		3F56F03E2CF060CE00FB6125 /* PBXContainerItemProxy */ = {
			isa = PBXContainerItemProxy;
			containerPortal = 3F56F0152CF060CD00FB6125 /* Project object */;
			proxyType = 1;
			remoteGlobalIDString = 3F56F01C2CF060CD00FB6125;
			remoteInfo = FindAirline;
		};
/* End PBXContainerItemProxy section */

/* Begin PBXFileReference section */
		3F56F01D2CF060CD00FB6125 /* FindAirline.app */ = {isa = PBXFileReference; explicitFileType = wrapper.application; includeInIndex = 0; path = FindAirline.app; sourceTree = BUILT_PRODUCTS_DIR; };
		3F56F0332CF060CE00FB6125 /* FindAirlineTests.xctest */ = {isa = PBXFileReference; explicitFileType = wrapper.cfbundle; includeInIndex = 0; path = FindAirlineTests.xctest; sourceTree = BUILT_PRODUCTS_DIR; };
		3F56F03D2CF060CE00FB6125 /* FindAirlineUITests.xctest */ = {isa = PBXFileReference; explicitFileType = wrapper.cfbundle; includeInIndex = 0; path = FindAirlineUITests.xctest; sourceTree = BUILT_PRODUCTS_DIR; };
/* End PBXFileReference section */

/* Begin PBXFileSystemSynchronizedBuildFileExceptionSet section */
		3F56F0452CF060CE00FB6125 /* Exceptions for "FindAirline" folder in "FindAirline" target */ = {
			isa = PBXFileSystemSynchronizedBuildFileExceptionSet;
			membershipExceptions = (
				Info.plist,
			);
			target = 3F56F01C2CF060CD00FB6125 /* FindAirline */;
		};
/* End PBXFileSystemSynchronizedBuildFileExceptionSet section */

/* Begin PBXFileSystemSynchronizedRootGroup section */
		3F56F01F2CF060CD00FB6125 /* FindAirline */ = {
			isa = PBXFileSystemSynchronizedRootGroup;
			exceptions = (
				3F56F0452CF060CE00FB6125 /* Exceptions for "FindAirline" folder in "FindAirline" target */,
			);
			path = FindAirline;
			sourceTree = "<group>";
		};
		3F56F0362CF060CE00FB6125 /* FindAirlineTests */ = {
			isa = PBXFileSystemSynchronizedRootGroup;
			path = FindAirlineTests;
			sourceTree = "<group>";
		};
		3F56F0402CF060CE00FB6125 /* FindAirlineUITests */ = {
			isa = PBXFileSystemSynchronizedRootGroup;
			path = FindAirlineUITests;
			sourceTree = "<group>";
		};
/* End PBXFileSystemSynchronizedRootGroup section */

/* Begin PBXFrameworksBuildPhase section */
		3F56F01A2CF060CD00FB6125 /* Frameworks */ = {
			isa = PBXFrameworksBuildPhase;
			buildActionMask = 2147483647;
			files = (
				3F56F0562CF0619E00FB6125 /* Kingfisher in Frameworks */,
				3F56F0532CF0611800FB6125 /* Alamofire in Frameworks */,
			);
			runOnlyForDeploymentPostprocessing = 0;
		};
		3F56F0302CF060CE00FB6125 /* Frameworks */ = {
			isa = PBXFrameworksBuildPhase;
			buildActionMask = 2147483647;
			files = (
			);
			runOnlyForDeploymentPostprocessing = 0;
		};
		3F56F03A2CF060CE00FB6125 /* Frameworks */ = {
			isa = PBXFrameworksBuildPhase;
			buildActionMask = 2147483647;
			files = (
			);
			runOnlyForDeploymentPostprocessing = 0;
		};
/* End PBXFrameworksBuildPhase section */

/* Begin PBXGroup section */
		3F56F0142CF060CD00FB6125 = {
			isa = PBXGroup;
			children = (
				3F56F01F2CF060CD00FB6125 /* FindAirline */,
				3F56F0362CF060CE00FB6125 /* FindAirlineTests */,
				3F56F0402CF060CE00FB6125 /* FindAirlineUITests */,
				3F56F01E2CF060CD00FB6125 /* Products */,
			);
			sourceTree = "<group>";
		};
		3F56F01E2CF060CD00FB6125 /* Products */ = {
			isa = PBXGroup;
			children = (
				3F56F01D2CF060CD00FB6125 /* FindAirline.app */,
				3F56F0332CF060CE00FB6125 /* FindAirlineTests.xctest */,
				3F56F03D2CF060CE00FB6125 /* FindAirlineUITests.xctest */,
			);
			name = Products;
			sourceTree = "<group>";
		};
/* End PBXGroup section */

/* Begin PBXNativeTarget section */
		3F56F01C2CF060CD00FB6125 /* FindAirline */ = {
			isa = PBXNativeTarget;
			buildConfigurationList = 3F56F0462CF060CE00FB6125 /* Build configuration list for PBXNativeTarget "FindAirline" */;
			buildPhases = (
				3F56F0192CF060CD00FB6125 /* Sources */,
				3F56F01A2CF060CD00FB6125 /* Frameworks */,
				3F56F01B2CF060CD00FB6125 /* Resources */,
			);
			buildRules = (
			);
			dependencies = (
			);
			fileSystemSynchronizedGroups = (
				3F56F01F2CF060CD00FB6125 /* FindAirline */,
			);
			name = FindAirline;
			packageProductDependencies = (
				3F56F0522CF0611800FB6125 /* Alamofire */,
				3F56F0552CF0619E00FB6125 /* Kingfisher */,
			);
			productName = FindAirline;
			productReference = 3F56F01D2CF060CD00FB6125 /* FindAirline.app */;
			productType = "com.apple.product-type.application";
		};
		3F56F0322CF060CE00FB6125 /* FindAirlineTests */ = {
			isa = PBXNativeTarget;
			buildConfigurationList = 3F56F04B2CF060CE00FB6125 /* Build configuration list for PBXNativeTarget "FindAirlineTests" */;
			buildPhases = (
				3F56F02F2CF060CE00FB6125 /* Sources */,
				3F56F0302CF060CE00FB6125 /* Frameworks */,
				3F56F0312CF060CE00FB6125 /* Resources */,
			);
			buildRules = (
			);
			dependencies = (
				3F56F0352CF060CE00FB6125 /* PBXTargetDependency */,
			);
			fileSystemSynchronizedGroups = (
				3F56F0362CF060CE00FB6125 /* FindAirlineTests */,
			);
			name = FindAirlineTests;
			packageProductDependencies = (
			);
			productName = FindAirlineTests;
			productReference = 3F56F0332CF060CE00FB6125 /* FindAirlineTests.xctest */;
			productType = "com.apple.product-type.bundle.unit-test";
		};
		3F56F03C2CF060CE00FB6125 /* FindAirlineUITests */ = {
			isa = PBXNativeTarget;
			buildConfigurationList = 3F56F04E2CF060CE00FB6125 /* Build configuration list for PBXNativeTarget "FindAirlineUITests" */;
			buildPhases = (
				3F56F0392CF060CE00FB6125 /* Sources */,
				3F56F03A2CF060CE00FB6125 /* Frameworks */,
				3F56F03B2CF060CE00FB6125 /* Resources */,
			);
			buildRules = (
			);
			dependencies = (
				3F56F03F2CF060CE00FB6125 /* PBXTargetDependency */,
			);
			fileSystemSynchronizedGroups = (
				3F56F0402CF060CE00FB6125 /* FindAirlineUITests */,
			);
			name = FindAirlineUITests;
			packageProductDependencies = (
			);
			productName = FindAirlineUITests;
			productReference = 3F56F03D2CF060CE00FB6125 /* FindAirlineUITests.xctest */;
			productType = "com.apple.product-type.bundle.ui-testing";
		};
/* End PBXNativeTarget section */

/* Begin PBXProject section */
		3F56F0152CF060CD00FB6125 /* Project object */ = {
			isa = PBXProject;
			attributes = {
				BuildIndependentTargetsInParallel = 1;
				LastSwiftUpdateCheck = 1600;
				LastUpgradeCheck = 1600;
				TargetAttributes = {
					3F56F01C2CF060CD00FB6125 = {
						CreatedOnToolsVersion = 16.0;
					};
					3F56F0322CF060CE00FB6125 = {
						CreatedOnToolsVersion = 16.0;
						TestTargetID = 3F56F01C2CF060CD00FB6125;
					};
					3F56F03C2CF060CE00FB6125 = {
						CreatedOnToolsVersion = 16.0;
						TestTargetID = 3F56F01C2CF060CD00FB6125;
					};
				};
			};
			buildConfigurationList = 3F56F0182CF060CD00FB6125 /* Build configuration list for PBXProject "FindAirline" */;
			developmentRegion = en;
			hasScannedForEncodings = 0;
			knownRegions = (
				en,
				Base,
			);
			mainGroup = 3F56F0142CF060CD00FB6125;
			minimizedProjectReferenceProxies = 1;
			packageReferences = (
				3F56F0512CF0611800FB6125 /* XCRemoteSwiftPackageReference "Alamofire" */,
				3F56F0542CF0619E00FB6125 /* XCRemoteSwiftPackageReference "Kingfisher" */,
			);
			preferredProjectObjectVersion = 77;
			productRefGroup = 3F56F01E2CF060CD00FB6125 /* Products */;
			projectDirPath = "";
			projectRoot = "";
			targets = (
				3F56F01C2CF060CD00FB6125 /* FindAirline */,
				3F56F0322CF060CE00FB6125 /* FindAirlineTests */,
				3F56F03C2CF060CE00FB6125 /* FindAirlineUITests */,
			);
		};
/* End PBXProject section */

/* Begin PBXResourcesBuildPhase section */
		3F56F01B2CF060CD00FB6125 /* Resources */ = {
			isa = PBXResourcesBuildPhase;
			buildActionMask = 2147483647;
			files = (
			);
			runOnlyForDeploymentPostprocessing = 0;
		};
		3F56F0312CF060CE00FB6125 /* Resources */ = {
			isa = PBXResourcesBuildPhase;
			buildActionMask = 2147483647;
			files = (
			);
			runOnlyForDeploymentPostprocessing = 0;
		};
		3F56F03B2CF060CE00FB6125 /* Resources */ = {
			isa = PBXResourcesBuildPhase;
			buildActionMask = 2147483647;
			files = (
			);
			runOnlyForDeploymentPostprocessing = 0;
		};
/* End PBXResourcesBuildPhase section */

/* Begin PBXSourcesBuildPhase section */
		3F56F0192CF060CD00FB6125 /* Sources */ = {
			isa = PBXSourcesBuildPhase;
			buildActionMask = 2147483647;
			files = (
			);
			runOnlyForDeploymentPostprocessing = 0;
		};
		3F56F02F2CF060CE00FB6125 /* Sources */ = {
			isa = PBXSourcesBuildPhase;
			buildActionMask = 2147483647;
			files = (
			);
			runOnlyForDeploymentPostprocessing = 0;
		};
		3F56F0392CF060CE00FB6125 /* Sources */ = {
			isa = PBXSourcesBuildPhase;
			buildActionMask = 2147483647;
			files = (
			);
			runOnlyForDeploymentPostprocessing = 0;
		};
/* End PBXSourcesBuildPhase section */

/* Begin PBXTargetDependency section */
		3F56F0352CF060CE00FB6125 /* PBXTargetDependency */ = {
			isa = PBXTargetDependency;
			target = 3F56F01C2CF060CD00FB6125 /* FindAirline */;
			targetProxy = 3F56F0342CF060CE00FB6125 /* PBXContainerItemProxy */;
		};
		3F56F03F2CF060CE00FB6125 /* PBXTargetDependency */ = {
			isa = PBXTargetDependency;
			target = 3F56F01C2CF060CD00FB6125 /* FindAirline */;
			targetProxy = 3F56F03E2CF060CE00FB6125 /* PBXContainerItemProxy */;
		};
/* End PBXTargetDependency section */

/* Begin XCBuildConfiguration section */
		3F56F0472CF060CE00FB6125 /* Debug */ = {
			isa = XCBuildConfiguration;
			buildSettings = {
				ASSETCATALOG_COMPILER_APPICON_NAME = AppIcon;
				ASSETCATALOG_COMPILER_GLOBAL_ACCENT_COLOR_NAME = AccentColor;
				CODE_SIGN_STYLE = Automatic;
				CURRENT_PROJECT_VERSION = 1;
				GENERATE_INFOPLIST_FILE = YES;
				INFOPLIST_FILE = FindAirline/Info.plist;
				INFOPLIST_KEY_UIApplicationSupportsIndirectInputEvents = YES;
				INFOPLIST_KEY_UILaunchStoryboardName = LaunchScreen;
				INFOPLIST_KEY_UIMainStoryboardFile = Main;
				INFOPLIST_KEY_UISupportedInterfaceOrientations_iPad = "UIInterfaceOrientationPortrait UIInterfaceOrientationPortraitUpsideDown UIInterfaceOrientationLandscapeLeft UIInterfaceOrientationLandscapeRight";
				INFOPLIST_KEY_UISupportedInterfaceOrientations_iPhone = "UIInterfaceOrientationPortrait UIInterfaceOrientationLandscapeLeft UIInterfaceOrientationLandscapeRight";
				LD_RUNPATH_SEARCH_PATHS = (
					"$(inherited)",
					"@executable_path/Frameworks",
				);
				MARKETING_VERSION = 1.0;
				PRODUCT_BUNDLE_IDENTIFIER = kbtu.com.FindAirline;
				PRODUCT_NAME = "$(TARGET_NAME)";
				SWIFT_EMIT_LOC_STRINGS = YES;
				SWIFT_VERSION = 5.0;
				TARGETED_DEVICE_FAMILY = "1,2";
			};
			name = Debug;
		};
		3F56F0482CF060CE00FB6125 /* Release */ = {
			isa = XCBuildConfiguration;
			buildSettings = {
				ASSETCATALOG_COMPILER_APPICON_NAME = AppIcon;
				ASSETCATALOG_COMPILER_GLOBAL_ACCENT_COLOR_NAME = AccentColor;
				CODE_SIGN_STYLE = Automatic;
				CURRENT_PROJECT_VERSION = 1;
				GENERATE_INFOPLIST_FILE = YES;
				INFOPLIST_FILE = FindAirline/Info.plist;
				INFOPLIST_KEY_UIApplicationSupportsIndirectInputEvents = YES;
				INFOPLIST_KEY_UILaunchStoryboardName = LaunchScreen;
				INFOPLIST_KEY_UIMainStoryboardFile = Main;
				INFOPLIST_KEY_UISupportedInterfaceOrientations_iPad = "UIInterfaceOrientationPortrait UIInterfaceOrientationPortraitUpsideDown UIInterfaceOrientationLandscapeLeft UIInterfaceOrientationLandscapeRight";
				INFOPLIST_KEY_UISupportedInterfaceOrientations_iPhone = "UIInterfaceOrientationPortrait UIInterfaceOrientationLandscapeLeft UIInterfaceOrientationLandscapeRight";
				LD_RUNPATH_SEARCH_PATHS = (
					"$(inherited)",
					"@executable_path/Frameworks",
				);
				MARKETING_VERSION = 1.0;
				PRODUCT_BUNDLE_IDENTIFIER = kbtu.com.FindAirline;
				PRODUCT_NAME = "$(TARGET_NAME)";
				SWIFT_EMIT_LOC_STRINGS = YES;
				SWIFT_VERSION = 5.0;
				TARGETED_DEVICE_FAMILY = "1,2";
			};
			name = Release;
		};
		3F56F0492CF060CE00FB6125 /* Debug */ = {
			isa = XCBuildConfiguration;
			buildSettings = {
				ALWAYS_SEARCH_USER_PATHS = NO;
				ASSETCATALOG_COMPILER_GENERATE_SWIFT_ASSET_SYMBOL_EXTENSIONS = YES;
				CLANG_ANALYZER_NONNULL = YES;
				CLANG_ANALYZER_NUMBER_OBJECT_CONVERSION = YES_AGGRESSIVE;
				CLANG_CXX_LANGUAGE_STANDARD = "gnu++20";
				CLANG_ENABLE_MODULES = YES;
				CLANG_ENABLE_OBJC_ARC = YES;
				CLANG_ENABLE_OBJC_WEAK = YES;
				CLANG_WARN_BLOCK_CAPTURE_AUTORELEASING = YES;
				CLANG_WARN_BOOL_CONVERSION = YES;
				CLANG_WARN_COMMA = YES;
				CLANG_WARN_CONSTANT_CONVERSION = YES;
				CLANG_WARN_DEPRECATED_OBJC_IMPLEMENTATIONS = YES;
				CLANG_WARN_DIRECT_OBJC_ISA_USAGE = YES_ERROR;
				CLANG_WARN_DOCUMENTATION_COMMENTS = YES;
				CLANG_WARN_EMPTY_BODY = YES;
				CLANG_WARN_ENUM_CONVERSION = YES;
				CLANG_WARN_INFINITE_RECURSION = YES;
				CLANG_WARN_INT_CONVERSION = YES;
				CLANG_WARN_NON_LITERAL_NULL_CONVERSION = YES;
				CLANG_WARN_OBJC_IMPLICIT_RETAIN_SELF = YES;
				CLANG_WARN_OBJC_LITERAL_CONVERSION = YES;
				CLANG_WARN_OBJC_ROOT_CLASS = YES_ERROR;
				CLANG_WARN_QUOTED_INCLUDE_IN_FRAMEWORK_HEADER = YES;
				CLANG_WARN_RANGE_LOOP_ANALYSIS = YES;
				CLANG_WARN_STRICT_PROTOTYPES = YES;
				CLANG_WARN_SUSPICIOUS_MOVE = YES;
				CLANG_WARN_UNGUARDED_AVAILABILITY = YES_AGGRESSIVE;
				CLANG_WARN_UNREACHABLE_CODE = YES;
				CLANG_WARN__DUPLICATE_METHOD_MATCH = YES;
				COPY_PHASE_STRIP = NO;
				DEBUG_INFORMATION_FORMAT = dwarf;
				ENABLE_STRICT_OBJC_MSGSEND = YES;
				ENABLE_TESTABILITY = YES;
				ENABLE_USER_SCRIPT_SANDBOXING = YES;
				GCC_C_LANGUAGE_STANDARD = gnu17;
				GCC_DYNAMIC_NO_PIC = NO;
				GCC_NO_COMMON_BLOCKS = YES;
				GCC_OPTIMIZATION_LEVEL = 0;
				GCC_PREPROCESSOR_DEFINITIONS = (
					"DEBUG=1",
					"$(inherited)",
				);
				GCC_WARN_64_TO_32_BIT_CONVERSION = YES;
				GCC_WARN_ABOUT_RETURN_TYPE = YES_ERROR;
				GCC_WARN_UNDECLARED_SELECTOR = YES;
				GCC_WARN_UNINITIALIZED_AUTOS = YES_AGGRESSIVE;
				GCC_WARN_UNUSED_FUNCTION = YES;
				GCC_WARN_UNUSED_VARIABLE = YES;
				IPHONEOS_DEPLOYMENT_TARGET = 18.0;
				LOCALIZATION_PREFERS_STRING_CATALOGS = YES;
				MTL_ENABLE_DEBUG_INFO = INCLUDE_SOURCE;
				MTL_FAST_MATH = YES;
				ONLY_ACTIVE_ARCH = YES;
				SDKROOT = iphoneos;
				SWIFT_ACTIVE_COMPILATION_CONDITIONS = "DEBUG $(inherited)";
				SWIFT_OPTIMIZATION_LEVEL = "-Onone";
			};
			name = Debug;
		};
		3F56F04A2CF060CE00FB6125 /* Release */ = {
			isa = XCBuildConfiguration;
			buildSettings = {
				ALWAYS_SEARCH_USER_PATHS = NO;
				ASSETCATALOG_COMPILER_GENERATE_SWIFT_ASSET_SYMBOL_EXTENSIONS = YES;
				CLANG_ANALYZER_NONNULL = YES;
				CLANG_ANALYZER_NUMBER_OBJECT_CONVERSION = YES_AGGRESSIVE;
				CLANG_CXX_LANGUAGE_STANDARD = "gnu++20";
				CLANG_ENABLE_MODULES = YES;
				CLANG_ENABLE_OBJC_ARC = YES;
				CLANG_ENABLE_OBJC_WEAK = YES;
				CLANG_WARN_BLOCK_CAPTURE_AUTORELEASING = YES;
				CLANG_WARN_BOOL_CONVERSION = YES;
				CLANG_WARN_COMMA = YES;
				CLANG_WARN_CONSTANT_CONVERSION = YES;
				CLANG_WARN_DEPRECATED_OBJC_IMPLEMENTATIONS = YES;
				CLANG_WARN_DIRECT_OBJC_ISA_USAGE = YES_ERROR;
				CLANG_WARN_DOCUMENTATION_COMMENTS = YES;
				CLANG_WARN_EMPTY_BODY = YES;
				CLANG_WARN_ENUM_CONVERSION = YES;
				CLANG_WARN_INFINITE_RECURSION = YES;
				CLANG_WARN_INT_CONVERSION = YES;
				CLANG_WARN_NON_LITERAL_NULL_CONVERSION = YES;
				CLANG_WARN_OBJC_IMPLICIT_RETAIN_SELF = YES;
				CLANG_WARN_OBJC_LITERAL_CONVERSION = YES;
				CLANG_WARN_OBJC_ROOT_CLASS = YES_ERROR;
				CLANG_WARN_QUOTED_INCLUDE_IN_FRAMEWORK_HEADER = YES;
				CLANG_WARN_RANGE_LOOP_ANALYSIS = YES;
				CLANG_WARN_STRICT_PROTOTYPES = YES;
				CLANG_WARN_SUSPICIOUS_MOVE = YES;
				CLANG_WARN_UNGUARDED_AVAILABILITY = YES_AGGRESSIVE;
				CLANG_WARN_UNREACHABLE_CODE = YES;
				CLANG_WARN__DUPLICATE_METHOD_MATCH = YES;
				COPY_PHASE_STRIP = NO;
				DEBUG_INFORMATION_FORMAT = "dwarf-with-dsym";
				ENABLE_NS_ASSERTIONS = NO;
				ENABLE_STRICT_OBJC_MSGSEND = YES;
				ENABLE_USER_SCRIPT_SANDBOXING = YES;
				GCC_C_LANGUAGE_STANDARD = gnu17;
				GCC_NO_COMMON_BLOCKS = YES;
				GCC_WARN_64_TO_32_BIT_CONVERSION = YES;
				GCC_WARN_ABOUT_RETURN_TYPE = YES_ERROR;
				GCC_WARN_UNDECLARED_SELECTOR = YES;
				GCC_WARN_UNINITIALIZED_AUTOS = YES_AGGRESSIVE;
				GCC_WARN_UNUSED_FUNCTION = YES;
				GCC_WARN_UNUSED_VARIABLE = YES;
				IPHONEOS_DEPLOYMENT_TARGET = 18.0;
				LOCALIZATION_PREFERS_STRING_CATALOGS = YES;
				MTL_ENABLE_DEBUG_INFO = NO;
				MTL_FAST_MATH = YES;
				SDKROOT = iphoneos;
				SWIFT_COMPILATION_MODE = wholemodule;
				VALIDATE_PRODUCT = YES;
			};
			name = Release;
		};
		3F56F04C2CF060CE00FB6125 /* Debug */ = {
			isa = XCBuildConfiguration;
			buildSettings = {
				BUNDLE_LOADER = "$(TEST_HOST)";
				CODE_SIGN_STYLE = Automatic;
				CURRENT_PROJECT_VERSION = 1;
				GENERATE_INFOPLIST_FILE = YES;
				IPHONEOS_DEPLOYMENT_TARGET = 18.0;
				MARKETING_VERSION = 1.0;
				PRODUCT_BUNDLE_IDENTIFIER = kbtu.com.FindAirlineTests;
				PRODUCT_NAME = "$(TARGET_NAME)";
				SWIFT_EMIT_LOC_STRINGS = NO;
				SWIFT_VERSION = 5.0;
				TARGETED_DEVICE_FAMILY = "1,2";
				TEST_HOST = "$(BUILT_PRODUCTS_DIR)/FindAirline.app/$(BUNDLE_EXECUTABLE_FOLDER_PATH)/FindAirline";
			};
			name = Debug;
		};
		3F56F04D2CF060CE00FB6125 /* Release */ = {
			isa = XCBuildConfiguration;
			buildSettings = {
				BUNDLE_LOADER = "$(TEST_HOST)";
				CODE_SIGN_STYLE = Automatic;
				CURRENT_PROJECT_VERSION = 1;
				GENERATE_INFOPLIST_FILE = YES;
				IPHONEOS_DEPLOYMENT_TARGET = 18.0;
				MARKETING_VERSION = 1.0;
				PRODUCT_BUNDLE_IDENTIFIER = kbtu.com.FindAirlineTests;
				PRODUCT_NAME = "$(TARGET_NAME)";
				SWIFT_EMIT_LOC_STRINGS = NO;
				SWIFT_VERSION = 5.0;
				TARGETED_DEVICE_FAMILY = "1,2";
				TEST_HOST = "$(BUILT_PRODUCTS_DIR)/FindAirline.app/$(BUNDLE_EXECUTABLE_FOLDER_PATH)/FindAirline";
			};
			name = Release;
		};
		3F56F04F2CF060CE00FB6125 /* Debug */ = {
			isa = XCBuildConfiguration;
			buildSettings = {
				CODE_SIGN_STYLE = Automatic;
				CURRENT_PROJECT_VERSION = 1;
				GENERATE_INFOPLIST_FILE = YES;
				MARKETING_VERSION = 1.0;
				PRODUCT_BUNDLE_IDENTIFIER = kbtu.com.FindAirlineUITests;
				PRODUCT_NAME = "$(TARGET_NAME)";
				SWIFT_EMIT_LOC_STRINGS = NO;
				SWIFT_VERSION = 5.0;
				TARGETED_DEVICE_FAMILY = "1,2";
				TEST_TARGET_NAME = FindAirline;
			};
			name = Debug;
		};
		3F56F0502CF060CE00FB6125 /* Release */ = {
			isa = XCBuildConfiguration;
			buildSettings = {
				CODE_SIGN_STYLE = Automatic;
				CURRENT_PROJECT_VERSION = 1;
				GENERATE_INFOPLIST_FILE = YES;
				MARKETING_VERSION = 1.0;
				PRODUCT_BUNDLE_IDENTIFIER = kbtu.com.FindAirlineUITests;
				PRODUCT_NAME = "$(TARGET_NAME)";
				SWIFT_EMIT_LOC_STRINGS = NO;
				SWIFT_VERSION = 5.0;
				TARGETED_DEVICE_FAMILY = "1,2";
				TEST_TARGET_NAME = FindAirline;
			};
			name = Release;
		};
/* End XCBuildConfiguration section */

/* Begin XCConfigurationList section */
		3F56F0182CF060CD00FB6125 /* Build configuration list for PBXProject "FindAirline" */ = {
			isa = XCConfigurationList;
			buildConfigurations = (
				3F56F0492CF060CE00FB6125 /* Debug */,
				3F56F04A2CF060CE00FB6125 /* Release */,
			);
			defaultConfigurationIsVisible = 0;
			defaultConfigurationName = Release;
		};
		3F56F0462CF060CE00FB6125 /* Build configuration list for PBXNativeTarget "FindAirline" */ = {
			isa = XCConfigurationList;
			buildConfigurations = (
				3F56F0472CF060CE00FB6125 /* Debug */,
				3F56F0482CF060CE00FB6125 /* Release */,
			);
			defaultConfigurationIsVisible = 0;
			defaultConfigurationName = Release;
		};
		3F56F04B2CF060CE00FB6125 /* Build configuration list for PBXNativeTarget "FindAirlineTests" */ = {
			isa = XCConfigurationList;
			buildConfigurations = (
				3F56F04C2CF060CE00FB6125 /* Debug */,
				3F56F04D2CF060CE00FB6125 /* Release */,
			);
			defaultConfigurationIsVisible = 0;
			defaultConfigurationName = Release;
		};
		3F56F04E2CF060CE00FB6125 /* Build configuration list for PBXNativeTarget "FindAirlineUITests" */ = {
			isa = XCConfigurationList;
			buildConfigurations = (
				3F56F04F2CF060CE00FB6125 /* Debug */,
				3F56F0502CF060CE00FB6125 /* Release */,
			);
			defaultConfigurationIsVisible = 0;
			defaultConfigurationName = Release;
		};
/* End XCConfigurationList section */

/* Begin XCRemoteSwiftPackageReference section */
		3F56F0512CF0611800FB6125 /* XCRemoteSwiftPackageReference "Alamofire" */ = {
			isa = XCRemoteSwiftPackageReference;
			repositoryURL = "https://github.com/Alamofire/Alamofire.git";
			requirement = {
				kind = upToNextMajorVersion;
				minimumVersion = 5.10.1;
			};
		};
		3F56F0542CF0619E00FB6125 /* XCRemoteSwiftPackageReference "Kingfisher" */ = {
			isa = XCRemoteSwiftPackageReference;
			repositoryURL = "https://github.com/onevcat/Kingfisher.git";
			requirement = {
				kind = upToNextMajorVersion;
				minimumVersion = 8.1.1;
			};
		};
/* End XCRemoteSwiftPackageReference section */

/* Begin XCSwiftPackageProductDependency section */
		3F56F0522CF0611800FB6125 /* Alamofire */ = {
			isa = XCSwiftPackageProductDependency;
			package = 3F56F0512CF0611800FB6125 /* XCRemoteSwiftPackageReference "Alamofire" */;
			productName = Alamofire;
		};
		3F56F0552CF0619E00FB6125 /* Kingfisher */ = {
			isa = XCSwiftPackageProductDependency;
			package = 3F56F0542CF0619E00FB6125 /* XCRemoteSwiftPackageReference "Kingfisher" */;
			productName = Kingfisher;
		};
/* End XCSwiftPackageProductDependency section */
	};
	rootObject = 3F56F0152CF060CD00FB6125 /* Project object */;
}
